
Microsoft Visual Studio Solution File, Format Version 12.00
# Visual Studio Version 17
VisualStudioVersion = 17.2.32602.215
MinimumVisualStudioVersion = 10.0.40219.1
Project("{FAE04EC0-301F-11D3-BF4B-00C04F79EFBC}") = "lab4_dirichle_iter", "lab4_dirichle_iter\lab4_dirichle_iter.csproj", "{A7E2C790-52E6-4B80-8D73-32B91E2A6272}"
EndProject
Global
	GlobalSection(SolutionConfigurationPlatforms) = preSolution
		Debug|Any CPU = Debug|Any CPU
		Release|Any CPU = Release|Any CPU
	EndGlobalSection
	GlobalSection(ProjectConfigurationPlatforms) = postSolution
		{A7E2C790-52E6-4B80-8D73-32B91E2A6272}.Debug|Any CPU.ActiveCfg = Debug|Any CPU
		{A7E2C790-52E6-4B80-8D73-32B91E2A6272}.Debug|Any CPU.Build.0 = Debug|Any CPU
		{A7E2C790-52E6-4B80-8D73-32B91E2A6272}.Release|Any CPU.ActiveCfg = Release|Any CPU
		{A7E2C790-52E6-4B80-8D73-32B91E2A6272}.Release|Any CPU.Build.0 = Release|Any CPU
	EndGlobalSection
	GlobalSection(SolutionProperties) = preSolution
		HideSolutionNode = FALSE
	EndGlobalSection
	GlobalSection(ExtensibilityGlobals) = postSolution
		SolutionGuid = {A27CAD20-CD40-4DB5-979C-5CB83D271AD9}
	EndGlobalSection
EndGlobal
