
Microsoft Visual Studio Solution File, Format Version 12.00
# Visual Studio Version 17
VisualStudioVersion = 17.2.32602.215
MinimumVisualStudioVersion = 10.0.40219.1
Project("{FAE04EC0-301F-11D3-BF4B-00C04F79EFBC}") = "lab3_dirichle_mvr", "lab3_dirichle_mvr\lab3_dirichle_mvr.csproj", "{C799A6B1-E944-462D-87E8-52A808B80AC9}"
EndProject
Global
	GlobalSection(SolutionConfigurationPlatforms) = preSolution
		Debug|Any CPU = Debug|Any CPU
		Release|Any CPU = Release|Any CPU
	EndGlobalSection
	GlobalSection(ProjectConfigurationPlatforms) = postSolution
		{C799A6B1-E944-462D-87E8-52A808B80AC9}.Debug|Any CPU.ActiveCfg = Debug|Any CPU
		{C799A6B1-E944-462D-87E8-52A808B80AC9}.Debug|Any CPU.Build.0 = Debug|Any CPU
		{C799A6B1-E944-462D-87E8-52A808B80AC9}.Release|Any CPU.ActiveCfg = Release|Any CPU
		{C799A6B1-E944-462D-87E8-52A808B80AC9}.Release|Any CPU.Build.0 = Release|Any CPU
	EndGlobalSection
	GlobalSection(SolutionProperties) = preSolution
		HideSolutionNode = FALSE
	EndGlobalSection
	GlobalSection(ExtensibilityGlobals) = postSolution
		SolutionGuid = {86C66DC6-681B-48F6-BF0F-BCCF20251E42}
	EndGlobalSection
EndGlobal
