
Microsoft Visual Studio Solution File, Format Version 12.00
# Visual Studio Version 17
VisualStudioVersion = 17.2.32602.215
MinimumVisualStudioVersion = 10.0.40219.1
Project("{FAE04EC0-301F-11D3-BF4B-00C04F79EFBC}") = "lab2_spline", "lab2_spline\lab2_spline.csproj", "{A2DBC062-DE07-4788-AA9F-03A8FB4DF551}"
EndProject
Global
	GlobalSection(SolutionConfigurationPlatforms) = preSolution
		Debug|Any CPU = Debug|Any CPU
		Release|Any CPU = Release|Any CPU
	EndGlobalSection
	GlobalSection(ProjectConfigurationPlatforms) = postSolution
		{A2DBC062-DE07-4788-AA9F-03A8FB4DF551}.Debug|Any CPU.ActiveCfg = Debug|Any CPU
		{A2DBC062-DE07-4788-AA9F-03A8FB4DF551}.Debug|Any CPU.Build.0 = Debug|Any CPU
		{A2DBC062-DE07-4788-AA9F-03A8FB4DF551}.Release|Any CPU.ActiveCfg = Release|Any CPU
		{A2DBC062-DE07-4788-AA9F-03A8FB4DF551}.Release|Any CPU.Build.0 = Release|Any CPU
	EndGlobalSection
	GlobalSection(SolutionProperties) = preSolution
		HideSolutionNode = FALSE
	EndGlobalSection
	GlobalSection(ExtensibilityGlobals) = postSolution
		SolutionGuid = {273A33BD-1DCC-4911-AF42-FDA418A0A9F8}
	EndGlobalSection
EndGlobal
